PODS:
  - FlutterMacOS (1.0.0)
  - shadow (0.0.1):
    - FlutterMacOS

DEPENDENCIES:
  - FlutterMacOS (from `Flutter/ephemeral`)
  - shadow (from `Flutter/ephemeral/.symlinks/plugins/shadow/macos`)

EXTERNAL SOURCES:
  FlutterMacOS:
    :path: Flutter/ephemeral
  shadow:
    :path: Flutter/ephemeral/.symlinks/plugins/shadow/macos

SPEC CHECKSUMS:
  FlutterMacOS: 8f6f14fa908a6fb3fba0cd85dbd81ec4b251fb24
  shadow: 4108bd0dc6267b369ba18af89cc9bb4779395ea2

PODFILE CHECKSUM: 236401fc2c932af29a9fcf0e97baeeb2d750d367

COCOAPODS: 1.14.3
