PODS:
  - FlutterMacOS (1.0.0)
  - HotKey (0.2.0)
  - hotkey_manager_macos (0.0.1):
    - FlutterMacOS
    - HotKey
  - lottie-ios (4.5.0)
  - shadow (0.0.1):
    - FlutterMacOS
    - lottie-ios

DEPENDENCIES:
  - FlutterMacOS (from `Flutter/ephemeral`)
  - hotkey_manager_macos (from `Flutter/ephemeral/.symlinks/plugins/hotkey_manager_macos/macos`)
  - shadow (from `Flutter/ephemeral/.symlinks/plugins/shadow/macos`)

SPEC REPOS:
  trunk:
    - HotKey
    - lottie-ios

EXTERNAL SOURCES:
  FlutterMacOS:
    :path: Flutter/ephemeral
  hotkey_manager_macos:
    :path: Flutter/ephemeral/.symlinks/plugins/hotkey_manager_macos/macos
  shadow:
    :path: Flutter/ephemeral/.symlinks/plugins/shadow/macos

SPEC CHECKSUMS:
  FlutterMacOS: 8f6f14fa908a6fb3fba0cd85dbd81ec4b251fb24
  HotKey: e96d8a2ddbf4591131e2bb3f54e69554d90cdca6
  hotkey_manager_macos: a4317849af96d2430fa89944d3c58977ca089fbe
  lottie-ios: a881093fab623c467d3bce374367755c272bdd59
  shadow: 8df4fec987df150b0edade25672dca1a3457998d

PODFILE CHECKSUM: 981110d3fd358da60e8f8dfbac48bd51665e0428

COCOAPODS: 1.16.2
